
Microsoft Visual Studio Solution File, Format Version 12.00
# Visual Studio Version 17
VisualStudioVersion = 17.1.32421.90
MinimumVisualStudioVersion = 10.0.40219.1
Project("{FAE04EC0-301F-11D3-BF4B-00C04F79EFBC}") = "ControlesUsuario", "ControlesUsuario\ControlesUsuario.csproj", "{52D0DE5B-ABFB-404A-B815-0493B4970F57}"
EndProject
Project("{FAE04EC0-301F-11D3-BF4B-00C04F79EFBC}") = "Entidades", "Entidades\Entidades.csproj", "{1BC0BEB8-DC99-47CE-A918-192257DC7AC5}"
EndProject
Project("{FAE04EC0-301F-11D3-BF4B-00C04F79EFBC}") = "FrmCantina", "FrmCantina\FrmCantina.csproj", "{A1A7DE36-917B-438A-8F40-B491789285F2}"
EndProject
Global
	GlobalSection(SolutionConfigurationPlatforms) = preSolution
		Debug|Any CPU = Debug|Any CPU
		Release|Any CPU = Release|Any CPU
	EndGlobalSection
	GlobalSection(ProjectConfigurationPlatforms) = postSolution
		{52D0DE5B-ABFB-404A-B815-0493B4970F57}.Debug|Any CPU.ActiveCfg = Debug|Any CPU
		{52D0DE5B-ABFB-404A-B815-0493B4970F57}.Debug|Any CPU.Build.0 = Debug|Any CPU
		{52D0DE5B-ABFB-404A-B815-0493B4970F57}.Release|Any CPU.ActiveCfg = Release|Any CPU
		{52D0DE5B-ABFB-404A-B815-0493B4970F57}.Release|Any CPU.Build.0 = Release|Any CPU
		{1BC0BEB8-DC99-47CE-A918-192257DC7AC5}.Debug|Any CPU.ActiveCfg = Debug|Any CPU
		{1BC0BEB8-DC99-47CE-A918-192257DC7AC5}.Debug|Any CPU.Build.0 = Debug|Any CPU
		{1BC0BEB8-DC99-47CE-A918-192257DC7AC5}.Release|Any CPU.ActiveCfg = Release|Any CPU
		{1BC0BEB8-DC99-47CE-A918-192257DC7AC5}.Release|Any CPU.Build.0 = Release|Any CPU
		{A1A7DE36-917B-438A-8F40-B491789285F2}.Debug|Any CPU.ActiveCfg = Debug|Any CPU
		{A1A7DE36-917B-438A-8F40-B491789285F2}.Debug|Any CPU.Build.0 = Debug|Any CPU
		{A1A7DE36-917B-438A-8F40-B491789285F2}.Release|Any CPU.ActiveCfg = Release|Any CPU
		{A1A7DE36-917B-438A-8F40-B491789285F2}.Release|Any CPU.Build.0 = Release|Any CPU
	EndGlobalSection
	GlobalSection(SolutionProperties) = preSolution
		HideSolutionNode = FALSE
	EndGlobalSection
	GlobalSection(ExtensibilityGlobals) = postSolution
		SolutionGuid = {D854A4E4-4A70-41CE-989B-E802380E556F}
	EndGlobalSection
EndGlobal
