
Microsoft Visual Studio Solution File, Format Version 12.00
# Visual Studio Version 16
VisualStudioVersion = 16.0.32228.343
MinimumVisualStudioVersion = 10.0.40219.1
Project("{FAE04EC0-301F-11D3-BF4B-00C04F79EFBC}") = "Clase02 - Ejercicio I01 - Validador Rangos", "Clase02\Clase02 - Ejercicio I01 - Validador Rangos.csproj", "{AC92629D-C129-4E62-9A0F-2A4CEB25B6EE}"
EndProject
Project("{FAE04EC0-301F-11D3-BF4B-00C04F79EFBC}") = "Biblioteca", "Biblioteca\Biblioteca.csproj", "{CE860030-D611-4156-BC88-D5BEBDF57132}"
EndProject
Project("{FAE04EC0-301F-11D3-BF4B-00C04F79EFBC}") = "Clase 02 - Ejercicio I04 - Calculadora", "Clase 02 - Ejercicio I04 - Calculadora\Clase 02 - Ejercicio I04 - Calculadora.csproj", "{0D58C982-DE32-48F2-A797-94C63B08E440}"
EndProject
Project("{FAE04EC0-301F-11D3-BF4B-00C04F79EFBC}") = "Clase 02 - Ejercicio A01 - Factorial", "Clase 02 - Ejercicio A01 - Factorial\Clase 02 - Ejercicio A01 - Factorial.csproj", "{B2A294BC-9265-45F6-A004-773F738BBB0E}"
EndProject
Project("{FAE04EC0-301F-11D3-BF4B-00C04F79EFBC}") = "Consola - StringBuilder", "Consola\Consola - StringBuilder.csproj", "{487A2841-20C4-4AE8-BFBE-E6097B1C6381}"
EndProject
Project("{FAE04EC0-301F-11D3-BF4B-00C04F79EFBC}") = "Clase 02 - Ejercicio I05 - Apr las tablas", "Clase 02 - Ejercicio I05 - Apr las tablas\Clase 02 - Ejercicio I05 - Apr las tablas.csproj", "{D1EB5976-3677-40F6-BB69-484937FC4DF8}"
EndProject
Global
	GlobalSection(SolutionConfigurationPlatforms) = preSolution
		Debug|Any CPU = Debug|Any CPU
		Release|Any CPU = Release|Any CPU
	EndGlobalSection
	GlobalSection(ProjectConfigurationPlatforms) = postSolution
		{AC92629D-C129-4E62-9A0F-2A4CEB25B6EE}.Debug|Any CPU.ActiveCfg = Debug|Any CPU
		{AC92629D-C129-4E62-9A0F-2A4CEB25B6EE}.Debug|Any CPU.Build.0 = Debug|Any CPU
		{AC92629D-C129-4E62-9A0F-2A4CEB25B6EE}.Release|Any CPU.ActiveCfg = Release|Any CPU
		{AC92629D-C129-4E62-9A0F-2A4CEB25B6EE}.Release|Any CPU.Build.0 = Release|Any CPU
		{CE860030-D611-4156-BC88-D5BEBDF57132}.Debug|Any CPU.ActiveCfg = Debug|Any CPU
		{CE860030-D611-4156-BC88-D5BEBDF57132}.Debug|Any CPU.Build.0 = Debug|Any CPU
		{CE860030-D611-4156-BC88-D5BEBDF57132}.Release|Any CPU.ActiveCfg = Release|Any CPU
		{CE860030-D611-4156-BC88-D5BEBDF57132}.Release|Any CPU.Build.0 = Release|Any CPU
		{0D58C982-DE32-48F2-A797-94C63B08E440}.Debug|Any CPU.ActiveCfg = Debug|Any CPU
		{0D58C982-DE32-48F2-A797-94C63B08E440}.Debug|Any CPU.Build.0 = Debug|Any CPU
		{0D58C982-DE32-48F2-A797-94C63B08E440}.Release|Any CPU.ActiveCfg = Release|Any CPU
		{0D58C982-DE32-48F2-A797-94C63B08E440}.Release|Any CPU.Build.0 = Release|Any CPU
		{B2A294BC-9265-45F6-A004-773F738BBB0E}.Debug|Any CPU.ActiveCfg = Debug|Any CPU
		{B2A294BC-9265-45F6-A004-773F738BBB0E}.Debug|Any CPU.Build.0 = Debug|Any CPU
		{B2A294BC-9265-45F6-A004-773F738BBB0E}.Release|Any CPU.ActiveCfg = Release|Any CPU
		{B2A294BC-9265-45F6-A004-773F738BBB0E}.Release|Any CPU.Build.0 = Release|Any CPU
		{487A2841-20C4-4AE8-BFBE-E6097B1C6381}.Debug|Any CPU.ActiveCfg = Debug|Any CPU
		{487A2841-20C4-4AE8-BFBE-E6097B1C6381}.Debug|Any CPU.Build.0 = Debug|Any CPU
		{487A2841-20C4-4AE8-BFBE-E6097B1C6381}.Release|Any CPU.ActiveCfg = Release|Any CPU
		{487A2841-20C4-4AE8-BFBE-E6097B1C6381}.Release|Any CPU.Build.0 = Release|Any CPU
		{D1EB5976-3677-40F6-BB69-484937FC4DF8}.Debug|Any CPU.ActiveCfg = Debug|Any CPU
		{D1EB5976-3677-40F6-BB69-484937FC4DF8}.Debug|Any CPU.Build.0 = Debug|Any CPU
		{D1EB5976-3677-40F6-BB69-484937FC4DF8}.Release|Any CPU.ActiveCfg = Release|Any CPU
		{D1EB5976-3677-40F6-BB69-484937FC4DF8}.Release|Any CPU.Build.0 = Release|Any CPU
	EndGlobalSection
	GlobalSection(SolutionProperties) = preSolution
		HideSolutionNode = FALSE
	EndGlobalSection
	GlobalSection(ExtensibilityGlobals) = postSolution
		SolutionGuid = {5B154307-94F9-498F-B274-2A4CFC53222B}
	EndGlobalSection
EndGlobal
