
Microsoft Visual Studio Solution File, Format Version 12.00
# Visual Studio Version 17
VisualStudioVersion = 17.2.32526.322
MinimumVisualStudioVersion = 10.0.40219.1
Project("{FAE04EC0-301F-11D3-BF4B-00C04F79EFBC}") = "Biblioteca", "Biblioteca\Biblioteca.csproj", "{120E499A-8178-4DD3-A26C-7F992A485CC3}"
EndProject
Global
	GlobalSection(SolutionConfigurationPlatforms) = preSolution
		Debug|Any CPU = Debug|Any CPU
		Release|Any CPU = Release|Any CPU
	EndGlobalSection
	GlobalSection(ProjectConfigurationPlatforms) = postSolution
		{120E499A-8178-4DD3-A26C-7F992A485CC3}.Debug|Any CPU.ActiveCfg = Debug|Any CPU
		{120E499A-8178-4DD3-A26C-7F992A485CC3}.Debug|Any CPU.Build.0 = Debug|Any CPU
		{120E499A-8178-4DD3-A26C-7F992A485CC3}.Release|Any CPU.ActiveCfg = Release|Any CPU
		{120E499A-8178-4DD3-A26C-7F992A485CC3}.Release|Any CPU.Build.0 = Release|Any CPU
	EndGlobalSection
	GlobalSection(SolutionProperties) = preSolution
		HideSolutionNode = FALSE
	EndGlobalSection
	GlobalSection(ExtensibilityGlobals) = postSolution
		SolutionGuid = {67101CBD-A7E5-4DAD-9D42-B3DB40D770C1}
	EndGlobalSection
EndGlobal
