
Microsoft Visual Studio Solution File, Format Version 12.00
# Visual Studio Version 17
VisualStudioVersion = 17.1.32328.378
MinimumVisualStudioVersion = 10.0.40219.1
Project("{FAE04EC0-301F-11D3-BF4B-00C04F79EFBC}") = "Clase05", "Clase05\Clase05.csproj", "{6E30CA86-9AAC-47C5-A20E-024FF9686D6E}"
EndProject
Project("{FAE04EC0-301F-11D3-BF4B-00C04F79EFBC}") = "Entidades", "Entidades\Entidades.csproj", "{C72F40FC-9BEF-4EE7-8C13-854AE188E3FB}"
EndProject
Global
	GlobalSection(SolutionConfigurationPlatforms) = preSolution
		Debug|Any CPU = Debug|Any CPU
		Release|Any CPU = Release|Any CPU
	EndGlobalSection
	GlobalSection(ProjectConfigurationPlatforms) = postSolution
		{6E30CA86-9AAC-47C5-A20E-024FF9686D6E}.Debug|Any CPU.ActiveCfg = Debug|Any CPU
		{6E30CA86-9AAC-47C5-A20E-024FF9686D6E}.Debug|Any CPU.Build.0 = Debug|Any CPU
		{6E30CA86-9AAC-47C5-A20E-024FF9686D6E}.Release|Any CPU.ActiveCfg = Release|Any CPU
		{6E30CA86-9AAC-47C5-A20E-024FF9686D6E}.Release|Any CPU.Build.0 = Release|Any CPU
		{C72F40FC-9BEF-4EE7-8C13-854AE188E3FB}.Debug|Any CPU.ActiveCfg = Debug|Any CPU
		{C72F40FC-9BEF-4EE7-8C13-854AE188E3FB}.Debug|Any CPU.Build.0 = Debug|Any CPU
		{C72F40FC-9BEF-4EE7-8C13-854AE188E3FB}.Release|Any CPU.ActiveCfg = Release|Any CPU
		{C72F40FC-9BEF-4EE7-8C13-854AE188E3FB}.Release|Any CPU.Build.0 = Release|Any CPU
	EndGlobalSection
	GlobalSection(SolutionProperties) = preSolution
		HideSolutionNode = FALSE
	EndGlobalSection
	GlobalSection(ExtensibilityGlobals) = postSolution
		SolutionGuid = {3F3DBCFB-7EBC-4B01-9BBD-0664E300F995}
	EndGlobalSection
EndGlobal
