
Microsoft Visual Studio Solution File, Format Version 12.00
# Visual Studio Version 17
VisualStudioVersion = 17.1.32421.90
MinimumVisualStudioVersion = 10.0.40219.1
Project("{9A19103F-16F7-4668-BE54-9A1E7A4F7556}") = "Consola", "Consola\Consola.csproj", "{EC74436B-5788-4630-9054-3E52533D4696}"
EndProject
Project("{9A19103F-16F7-4668-BE54-9A1E7A4F7556}") = "Biblioteca", "Biblioteca\Biblioteca.csproj", "{A48A1D87-10B8-4B6E-AC8C-680E27AF8797}"
EndProject
Project("{FAE04EC0-301F-11D3-BF4B-00C04F79EFBC}") = "TestFizzBuzz", "TestFizzBuzz\TestFizzBuzz.csproj", "{EE86C02D-83D2-4590-9ADA-F42BC1EBC5C1}"
EndProject
Global
	GlobalSection(SolutionConfigurationPlatforms) = preSolution
		Debug|Any CPU = Debug|Any CPU
		Release|Any CPU = Release|Any CPU
	EndGlobalSection
	GlobalSection(ProjectConfigurationPlatforms) = postSolution
		{EC74436B-5788-4630-9054-3E52533D4696}.Debug|Any CPU.ActiveCfg = Debug|Any CPU
		{EC74436B-5788-4630-9054-3E52533D4696}.Debug|Any CPU.Build.0 = Debug|Any CPU
		{EC74436B-5788-4630-9054-3E52533D4696}.Release|Any CPU.ActiveCfg = Release|Any CPU
		{EC74436B-5788-4630-9054-3E52533D4696}.Release|Any CPU.Build.0 = Release|Any CPU
		{A48A1D87-10B8-4B6E-AC8C-680E27AF8797}.Debug|Any CPU.ActiveCfg = Debug|Any CPU
		{A48A1D87-10B8-4B6E-AC8C-680E27AF8797}.Debug|Any CPU.Build.0 = Debug|Any CPU
		{A48A1D87-10B8-4B6E-AC8C-680E27AF8797}.Release|Any CPU.ActiveCfg = Release|Any CPU
		{A48A1D87-10B8-4B6E-AC8C-680E27AF8797}.Release|Any CPU.Build.0 = Release|Any CPU
		{EE86C02D-83D2-4590-9ADA-F42BC1EBC5C1}.Debug|Any CPU.ActiveCfg = Debug|Any CPU
		{EE86C02D-83D2-4590-9ADA-F42BC1EBC5C1}.Debug|Any CPU.Build.0 = Debug|Any CPU
		{EE86C02D-83D2-4590-9ADA-F42BC1EBC5C1}.Release|Any CPU.ActiveCfg = Release|Any CPU
		{EE86C02D-83D2-4590-9ADA-F42BC1EBC5C1}.Release|Any CPU.Build.0 = Release|Any CPU
	EndGlobalSection
	GlobalSection(SolutionProperties) = preSolution
		HideSolutionNode = FALSE
	EndGlobalSection
	GlobalSection(ExtensibilityGlobals) = postSolution
		SolutionGuid = {54322BF3-069B-408E-8A59-4DA7566D525D}
	EndGlobalSection
EndGlobal
