
Microsoft Visual Studio Solution File, Format Version 12.00
# Visual Studio Version 17
VisualStudioVersion = 17.1.32421.90
MinimumVisualStudioVersion = 10.0.40219.1
Project("{FAE04EC0-301F-11D3-BF4B-00C04F79EFBC}") = "WinFormsApp1", "WinFormsApp1\WinFormsApp1.csproj", "{E9002220-3B2A-4F06-A111-7AE786F2B6CC}"
EndProject
Project("{FAE04EC0-301F-11D3-BF4B-00C04F79EFBC}") = "Entidades", "Entidades\Entidades.csproj", "{E0834493-564C-4981-837B-A221E0D0EC00}"
EndProject
Global
	GlobalSection(SolutionConfigurationPlatforms) = preSolution
		Debug|Any CPU = Debug|Any CPU
		Release|Any CPU = Release|Any CPU
	EndGlobalSection
	GlobalSection(ProjectConfigurationPlatforms) = postSolution
		{E9002220-3B2A-4F06-A111-7AE786F2B6CC}.Debug|Any CPU.ActiveCfg = Debug|Any CPU
		{E9002220-3B2A-4F06-A111-7AE786F2B6CC}.Debug|Any CPU.Build.0 = Debug|Any CPU
		{E9002220-3B2A-4F06-A111-7AE786F2B6CC}.Release|Any CPU.ActiveCfg = Release|Any CPU
		{E9002220-3B2A-4F06-A111-7AE786F2B6CC}.Release|Any CPU.Build.0 = Release|Any CPU
		{E0834493-564C-4981-837B-A221E0D0EC00}.Debug|Any CPU.ActiveCfg = Debug|Any CPU
		{E0834493-564C-4981-837B-A221E0D0EC00}.Debug|Any CPU.Build.0 = Debug|Any CPU
		{E0834493-564C-4981-837B-A221E0D0EC00}.Release|Any CPU.ActiveCfg = Release|Any CPU
		{E0834493-564C-4981-837B-A221E0D0EC00}.Release|Any CPU.Build.0 = Release|Any CPU
	EndGlobalSection
	GlobalSection(SolutionProperties) = preSolution
		HideSolutionNode = FALSE
	EndGlobalSection
	GlobalSection(ExtensibilityGlobals) = postSolution
		SolutionGuid = {D191A9A0-124C-4342-8DD2-FA2ABB713319}
	EndGlobalSection
EndGlobal
