
Microsoft Visual Studio Solution File, Format Version 12.00
# Visual Studio Version 17
VisualStudioVersion = 17.2.32516.85
MinimumVisualStudioVersion = 10.0.40219.1
Project("{FAE04EC0-301F-11D3-BF4B-00C04F79EFBC}") = "MiTienda", "MiTienda\MiTienda.csproj", "{240D1972-530C-45DD-9160-A0CF154985DB}"
EndProject
Project("{FAE04EC0-301F-11D3-BF4B-00C04F79EFBC}") = "Entidades", "Entidades\Entidades.csproj", "{0DF014FC-0A6B-418C-B2DA-B98208423F47}"
EndProject
Global
	GlobalSection(SolutionConfigurationPlatforms) = preSolution
		Debug|Any CPU = Debug|Any CPU
		Release|Any CPU = Release|Any CPU
	EndGlobalSection
	GlobalSection(ProjectConfigurationPlatforms) = postSolution
		{240D1972-530C-45DD-9160-A0CF154985DB}.Debug|Any CPU.ActiveCfg = Debug|Any CPU
		{240D1972-530C-45DD-9160-A0CF154985DB}.Debug|Any CPU.Build.0 = Debug|Any CPU
		{240D1972-530C-45DD-9160-A0CF154985DB}.Release|Any CPU.ActiveCfg = Release|Any CPU
		{240D1972-530C-45DD-9160-A0CF154985DB}.Release|Any CPU.Build.0 = Release|Any CPU
		{0DF014FC-0A6B-418C-B2DA-B98208423F47}.Debug|Any CPU.ActiveCfg = Debug|Any CPU
		{0DF014FC-0A6B-418C-B2DA-B98208423F47}.Debug|Any CPU.Build.0 = Debug|Any CPU
		{0DF014FC-0A6B-418C-B2DA-B98208423F47}.Release|Any CPU.ActiveCfg = Release|Any CPU
		{0DF014FC-0A6B-418C-B2DA-B98208423F47}.Release|Any CPU.Build.0 = Release|Any CPU
	EndGlobalSection
	GlobalSection(SolutionProperties) = preSolution
		HideSolutionNode = FALSE
	EndGlobalSection
	GlobalSection(ExtensibilityGlobals) = postSolution
		SolutionGuid = {2DBF9846-A021-42F9-9B84-D336615E643B}
	EndGlobalSection
EndGlobal
