
Microsoft Visual Studio Solution File, Format Version 12.00
# Visual Studio Version 17
VisualStudioVersion = 17.1.32228.430
MinimumVisualStudioVersion = 10.0.40219.1
Project("{FAE04EC0-301F-11D3-BF4B-00C04F79EFBC}") = "Biblioteca", "Biblioteca\Biblioteca.csproj", "{AF62A54D-6205-497D-B904-5EC9B49B1D63}"
EndProject
Project("{FAE04EC0-301F-11D3-BF4B-00C04F79EFBC}") = "Vista", "Vista\Vista.csproj", "{36467E3C-1529-4DF8-A281-95D0D2FC4146}"
EndProject
Global
	GlobalSection(SolutionConfigurationPlatforms) = preSolution
		Debug|Any CPU = Debug|Any CPU
		Release|Any CPU = Release|Any CPU
	EndGlobalSection
	GlobalSection(ProjectConfigurationPlatforms) = postSolution
		{AF62A54D-6205-497D-B904-5EC9B49B1D63}.Debug|Any CPU.ActiveCfg = Debug|Any CPU
		{AF62A54D-6205-497D-B904-5EC9B49B1D63}.Debug|Any CPU.Build.0 = Debug|Any CPU
		{AF62A54D-6205-497D-B904-5EC9B49B1D63}.Release|Any CPU.ActiveCfg = Release|Any CPU
		{AF62A54D-6205-497D-B904-5EC9B49B1D63}.Release|Any CPU.Build.0 = Release|Any CPU
		{36467E3C-1529-4DF8-A281-95D0D2FC4146}.Debug|Any CPU.ActiveCfg = Debug|Any CPU
		{36467E3C-1529-4DF8-A281-95D0D2FC4146}.Debug|Any CPU.Build.0 = Debug|Any CPU
		{36467E3C-1529-4DF8-A281-95D0D2FC4146}.Release|Any CPU.ActiveCfg = Release|Any CPU
		{36467E3C-1529-4DF8-A281-95D0D2FC4146}.Release|Any CPU.Build.0 = Release|Any CPU
	EndGlobalSection
	GlobalSection(SolutionProperties) = preSolution
		HideSolutionNode = FALSE
	EndGlobalSection
	GlobalSection(ExtensibilityGlobals) = postSolution
		SolutionGuid = {9753459B-24F5-42AF-AF4C-90747BBF2A40}
	EndGlobalSection
EndGlobal
