
Microsoft Visual Studio Solution File, Format Version 12.00
# Visual Studio Version 17
VisualStudioVersion = 17.1.32328.378
MinimumVisualStudioVersion = 10.0.40219.1
Project("{9A19103F-16F7-4668-BE54-9A1E7A4F7556}") = "Clase03 - I01 - Prestamo", "Clase03\Clase03 - I01 - Prestamo.csproj", "{080A801B-E198-412F-85A2-48523867F156}"
EndProject
Project("{9A19103F-16F7-4668-BE54-9A1E7A4F7556}") = "Biblioteca", "Biblioteca\Biblioteca.csproj", "{8E90239B-04F5-48CD-97FA-890D92893031}"
EndProject
Project("{9A19103F-16F7-4668-BE54-9A1E7A4F7556}") = "Clase 03 - I03 - Ej Universal", "Clase 03 - Ejercicio I03 - Ejemplo Universal\Clase 03 - I03 - Ej Universal.csproj", "{D5BF500B-FF68-4554-8A61-C80F6527108A}"
EndProject
Project("{FAE04EC0-301F-11D3-BF4B-00C04F79EFBC}") = "Clase 03 - I04 - Inv Arg", "Clase 03 - I04 - Inv Arg\Clase 03 - I04 - Inv Arg.csproj", "{195A7CC3-DB89-4FF8-9465-3D80DB3AF055}"
EndProject
Global
	GlobalSection(SolutionConfigurationPlatforms) = preSolution
		Debug|Any CPU = Debug|Any CPU
		Release|Any CPU = Release|Any CPU
	EndGlobalSection
	GlobalSection(ProjectConfigurationPlatforms) = postSolution
		{080A801B-E198-412F-85A2-48523867F156}.Debug|Any CPU.ActiveCfg = Debug|Any CPU
		{080A801B-E198-412F-85A2-48523867F156}.Debug|Any CPU.Build.0 = Debug|Any CPU
		{080A801B-E198-412F-85A2-48523867F156}.Release|Any CPU.ActiveCfg = Release|Any CPU
		{080A801B-E198-412F-85A2-48523867F156}.Release|Any CPU.Build.0 = Release|Any CPU
		{8E90239B-04F5-48CD-97FA-890D92893031}.Debug|Any CPU.ActiveCfg = Debug|Any CPU
		{8E90239B-04F5-48CD-97FA-890D92893031}.Debug|Any CPU.Build.0 = Debug|Any CPU
		{8E90239B-04F5-48CD-97FA-890D92893031}.Release|Any CPU.ActiveCfg = Release|Any CPU
		{8E90239B-04F5-48CD-97FA-890D92893031}.Release|Any CPU.Build.0 = Release|Any CPU
		{D5BF500B-FF68-4554-8A61-C80F6527108A}.Debug|Any CPU.ActiveCfg = Debug|Any CPU
		{D5BF500B-FF68-4554-8A61-C80F6527108A}.Debug|Any CPU.Build.0 = Debug|Any CPU
		{D5BF500B-FF68-4554-8A61-C80F6527108A}.Release|Any CPU.ActiveCfg = Release|Any CPU
		{D5BF500B-FF68-4554-8A61-C80F6527108A}.Release|Any CPU.Build.0 = Release|Any CPU
		{195A7CC3-DB89-4FF8-9465-3D80DB3AF055}.Debug|Any CPU.ActiveCfg = Debug|Any CPU
		{195A7CC3-DB89-4FF8-9465-3D80DB3AF055}.Debug|Any CPU.Build.0 = Debug|Any CPU
		{195A7CC3-DB89-4FF8-9465-3D80DB3AF055}.Release|Any CPU.ActiveCfg = Release|Any CPU
		{195A7CC3-DB89-4FF8-9465-3D80DB3AF055}.Release|Any CPU.Build.0 = Release|Any CPU
	EndGlobalSection
	GlobalSection(SolutionProperties) = preSolution
		HideSolutionNode = FALSE
	EndGlobalSection
	GlobalSection(ExtensibilityGlobals) = postSolution
		SolutionGuid = {AF56AAC7-29B1-4052-95BE-05DBCD1213CF}
	EndGlobalSection
EndGlobal
